{
  "name": "jsonata-examples",
  "version": "1.0.0",
  "lockfileVersion": 1,
  "requires": true,
  "dependencies": {
    "jsonata": {
      "version": "1.6.4",
      "resolved": "https://registry.npmjs.org/jsonata/-/jsonata-1.6.4.tgz",
      "integrity": "sha512-3MWTH77OHLf3muMknZJS4GnDhGPMITyF9D84hpRQrjt1Hk3pBtTiyZcqodHUDSaDq8VDy9YyIbanRI+3RoW3FA=="
    }
  }
}
